
Microsoft Visual Studio Solution File, Format Version 12.00
# Visual Studio Version 17
VisualStudioVersion = 17.7.34018.315
MinimumVisualStudioVersion = 10.0.40219.1
Project("{FAE04EC0-301F-11D3-BF4B-00C04F79EFBC}") = "SistemaMatriculaOG", "SistemaMatriculaOG\SistemaMatriculaOG.csproj", "{6B3C23C6-3D79-4618-94FB-6168E8C897EE}"
EndProject
Project("{FAE04EC0-301F-11D3-BF4B-00C04F79EFBC}") = "Datos", "Datos\Datos.csproj", "{D1F5770E-599D-4DBD-809E-79DF34B14D1C}"
EndProject
Project("{FAE04EC0-301F-11D3-BF4B-00C04F79EFBC}") = "Negocio", "Negocio\Negocio.csproj", "{651748CD-2478-4A67-83C8-BA93794A0162}"
EndProject
Project("{FAE04EC0-301F-11D3-BF4B-00C04F79EFBC}") = "Entidades", "Entidades\Entidades.csproj", "{F24A63A0-BF5F-4CBE-B1B5-17ACFE971F1F}"
EndProject
Global
	GlobalSection(SolutionConfigurationPlatforms) = preSolution
		Debug|Any CPU = Debug|Any CPU
		Release|Any CPU = Release|Any CPU
	EndGlobalSection
	GlobalSection(ProjectConfigurationPlatforms) = postSolution
		{6B3C23C6-3D79-4618-94FB-6168E8C897EE}.Debug|Any CPU.ActiveCfg = Debug|Any CPU
		{6B3C23C6-3D79-4618-94FB-6168E8C897EE}.Debug|Any CPU.Build.0 = Debug|Any CPU
		{6B3C23C6-3D79-4618-94FB-6168E8C897EE}.Release|Any CPU.ActiveCfg = Release|Any CPU
		{6B3C23C6-3D79-4618-94FB-6168E8C897EE}.Release|Any CPU.Build.0 = Release|Any CPU
		{D1F5770E-599D-4DBD-809E-79DF34B14D1C}.Debug|Any CPU.ActiveCfg = Debug|Any CPU
		{D1F5770E-599D-4DBD-809E-79DF34B14D1C}.Debug|Any CPU.Build.0 = Debug|Any CPU
		{D1F5770E-599D-4DBD-809E-79DF34B14D1C}.Release|Any CPU.ActiveCfg = Release|Any CPU
		{D1F5770E-599D-4DBD-809E-79DF34B14D1C}.Release|Any CPU.Build.0 = Release|Any CPU
		{651748CD-2478-4A67-83C8-BA93794A0162}.Debug|Any CPU.ActiveCfg = Debug|Any CPU
		{651748CD-2478-4A67-83C8-BA93794A0162}.Debug|Any CPU.Build.0 = Debug|Any CPU
		{651748CD-2478-4A67-83C8-BA93794A0162}.Release|Any CPU.ActiveCfg = Release|Any CPU
		{651748CD-2478-4A67-83C8-BA93794A0162}.Release|Any CPU.Build.0 = Release|Any CPU
		{F24A63A0-BF5F-4CBE-B1B5-17ACFE971F1F}.Debug|Any CPU.ActiveCfg = Debug|Any CPU
		{F24A63A0-BF5F-4CBE-B1B5-17ACFE971F1F}.Debug|Any CPU.Build.0 = Debug|Any CPU
		{F24A63A0-BF5F-4CBE-B1B5-17ACFE971F1F}.Release|Any CPU.ActiveCfg = Release|Any CPU
		{F24A63A0-BF5F-4CBE-B1B5-17ACFE971F1F}.Release|Any CPU.Build.0 = Release|Any CPU
	EndGlobalSection
	GlobalSection(SolutionProperties) = preSolution
		HideSolutionNode = FALSE
	EndGlobalSection
	GlobalSection(ExtensibilityGlobals) = postSolution
		SolutionGuid = {6307442D-E1EE-4E90-8036-C8CC97FBBD38}
	EndGlobalSection
EndGlobal
